# This file is automatically @generated by Cargo.
# It is not intended for manual editing.
version = 3

[[package]]
name = "cc"
version = "1.0.68"
source = "registry+https://github.com/rust-lang/crates.io-index"
checksum = "4a72c244c1ff497a746a7e1fb3d14bd08420ecda70c8f25c7112f2781652d787"

[[package]]
name = "kepler-two-body"
version = "0.1.0"
source = "git+https://github.com/clemson-cal/kepler-two-body#2d8a0f5374052ab7f4f60c5bbbc37c4e5283b4a4"

[[package]]
name = "kind-config"
version = "0.2.3"
source = "registry+https://github.com/rust-lang/crates.io-index"
checksum = "f27663292f08bd170c2cc44e86719fedae8cd06a222c9dbe8855272dd4c15330"

[[package]]
name = "sailfish"
version = "0.1.0"
dependencies = [
 "cc",
 "kepler-two-body",
 "kind-config",
]
